// !$*UTF8*$!
{
	archiveVersion = 1;
	classes = {
	};
	objectVersion = 50;
	objects = {

/* Begin PBXBuildFile section */
		955F23BA25F243BB00514401 /* AppDelegate.swift in Sources */ = {isa = PBXBuildFile; fileRef = 955F23B925F243BB00514401 /* AppDelegate.swift */; };
		955F23BC25F243BB00514401 /* SceneDelegate.swift in Sources */ = {isa = PBXBuildFile; fileRef = 955F23BB25F243BB00514401 /* SceneDelegate.swift */; };
		955F23C125F243BB00514401 /* LocalStorage.xcdatamodeld in Sources */ = {isa = PBXBuildFile; fileRef = 955F23BF25F243BB00514401 /* LocalStorage.xcdatamodeld */; };
		955F23C325F243BD00514401 /* Assets.xcassets in Resources */ = {isa = PBXBuildFile; fileRef = 955F23C225F243BD00514401 /* Assets.xcassets */; };
		955F23C625F243BD00514401 /* Preview Assets.xcassets in Resources */ = {isa = PBXBuildFile; fileRef = 955F23C525F243BD00514401 /* Preview Assets.xcassets */; };
		955F23C925F243BD00514401 /* LaunchScreen.storyboard in Resources */ = {isa = PBXBuildFile; fileRef = 955F23C725F243BD00514401 /* LaunchScreen.storyboard */; };
		955F23D525F2448800514401 /* StudentListCell.swift in Sources */ = {isa = PBXBuildFile; fileRef = 955F23D425F2448800514401 /* StudentListCell.swift */; };
		955F23D925F244D500514401 /* Student.swift in Sources */ = {isa = PBXBuildFile; fileRef = 955F23D825F244D500514401 /* Student.swift */; };
		955F23DC25F245A800514401 /* StudentListScreen.swift in Sources */ = {isa = PBXBuildFile; fileRef = 955F23DB25F245A800514401 /* StudentListScreen.swift */; };
		955F23DF25F245B900514401 /* AddStudentDataScreen.swift in Sources */ = {isa = PBXBuildFile; fileRef = 955F23DE25F245B900514401 /* AddStudentDataScreen.swift */; };
/* End PBXBuildFile section */

/* Begin PBXFileReference section */
		955F23B625F243BB00514401 /* LocalStorage.app */ = {isa = PBXFileReference; explicitFileType = wrapper.application; includeInIndex = 0; path = LocalStorage.app; sourceTree = BUILT_PRODUCTS_DIR; };
		955F23B925F243BB00514401 /* AppDelegate.swift */ = {isa = PBXFileReference; lastKnownFileType = sourcecode.swift; path = AppDelegate.swift; sourceTree = "<group>"; };
		955F23BB25F243BB00514401 /* SceneDelegate.swift */ = {isa = PBXFileReference; lastKnownFileType = sourcecode.swift; path = SceneDelegate.swift; sourceTree = "<group>"; };
		955F23C025F243BB00514401 /* LocalStorage.xcdatamodel */ = {isa = PBXFileReference; lastKnownFileType = wrapper.xcdatamodel; path = LocalStorage.xcdatamodel; sourceTree = "<group>"; };
		955F23C225F243BD00514401 /* Assets.xcassets */ = {isa = PBXFileReference; lastKnownFileType = folder.assetcatalog; path = Assets.xcassets; sourceTree = "<group>"; };
		955F23C525F243BD00514401 /* Preview Assets.xcassets */ = {isa = PBXFileReference; lastKnownFileType = folder.assetcatalog; path = "Preview Assets.xcassets"; sourceTree = "<group>"; };
		955F23C825F243BD00514401 /* Base */ = {isa = PBXFileReference; lastKnownFileType = file.storyboard; name = Base; path = Base.lproj/LaunchScreen.storyboard; sourceTree = "<group>"; };
		955F23CA25F243BD00514401 /* Info.plist */ = {isa = PBXFileReference; lastKnownFileType = text.plist.xml; path = Info.plist; sourceTree = "<group>"; };
		955F23D425F2448800514401 /* StudentListCell.swift */ = {isa = PBXFileReference; lastKnownFileType = sourcecode.swift; path = StudentListCell.swift; sourceTree = "<group>"; };
		955F23D825F244D500514401 /* Student.swift */ = {isa = PBXFileReference; lastKnownFileType = sourcecode.swift; path = Student.swift; sourceTree = "<group>"; };
		955F23DB25F245A800514401 /* StudentListScreen.swift */ = {isa = PBXFileReference; lastKnownFileType = sourcecode.swift; path = StudentListScreen.swift; sourceTree = "<group>"; };
		955F23DE25F245B900514401 /* AddStudentDataScreen.swift */ = {isa = PBXFileReference; lastKnownFileType = sourcecode.swift; path = AddStudentDataScreen.swift; sourceTree = "<group>"; };
/* End PBXFileReference section */

/* Begin PBXFrameworksBuildPhase section */
		955F23B325F243BB00514401 /* Frameworks */ = {
			isa = PBXFrameworksBuildPhase;
			buildActionMask = 2147483647;
			files = (
			);
			runOnlyForDeploymentPostprocessing = 0;
		};
/* End PBXFrameworksBuildPhase section */

/* Begin PBXGroup section */
		955F23AD25F243BB00514401 = {
			isa = PBXGroup;
			children = (
				955F23B825F243BB00514401 /* LocalStorage */,
				955F23B725F243BB00514401 /* Products */,
			);
			sourceTree = "<group>";
		};
		955F23B725F243BB00514401 /* Products */ = {
			isa = PBXGroup;
			children = (
				955F23B625F243BB00514401 /* LocalStorage.app */,
			);
			name = Products;
			sourceTree = "<group>";
		};
		955F23B825F243BB00514401 /* LocalStorage */ = {
			isa = PBXGroup;
			children = (
				955F23D325F2446E00514401 /* screens */,
				955F23D225F2446600514401 /* model */,
				955F23D125F2445F00514401 /* cells */,
				955F23B925F243BB00514401 /* AppDelegate.swift */,
				955F23BB25F243BB00514401 /* SceneDelegate.swift */,
				955F23C225F243BD00514401 /* Assets.xcassets */,
				955F23C725F243BD00514401 /* LaunchScreen.storyboard */,
				955F23CA25F243BD00514401 /* Info.plist */,
				955F23BF25F243BB00514401 /* LocalStorage.xcdatamodeld */,
				955F23C425F243BD00514401 /* Preview Content */,
			);
			path = LocalStorage;
			sourceTree = "<group>";
		};
		955F23C425F243BD00514401 /* Preview Content */ = {
			isa = PBXGroup;
			children = (
				955F23C525F243BD00514401 /* Preview Assets.xcassets */,
			);
			path = "Preview Content";
			sourceTree = "<group>";
		};
		955F23D125F2445F00514401 /* cells */ = {
			isa = PBXGroup;
			children = (
				955F23D425F2448800514401 /* StudentListCell.swift */,
			);
			path = cells;
			sourceTree = "<group>";
		};
		955F23D225F2446600514401 /* model */ = {
			isa = PBXGroup;
			children = (
				955F23D825F244D500514401 /* Student.swift */,
			);
			path = model;
			sourceTree = "<group>";
		};
		955F23D325F2446E00514401 /* screens */ = {
			isa = PBXGroup;
			children = (
				955F23DB25F245A800514401 /* StudentListScreen.swift */,
				955F23DE25F245B900514401 /* AddStudentDataScreen.swift */,
			);
			path = screens;
			sourceTree = "<group>";
		};
/* End PBXGroup section */

/* Begin PBXNativeTarget section */
		955F23B525F243BB00514401 /* LocalStorage */ = {
			isa = PBXNativeTarget;
			buildConfigurationList = 955F23CD25F243BD00514401 /* Build configuration list for PBXNativeTarget "LocalStorage" */;
			buildPhases = (
				955F23B225F243BB00514401 /* Sources */,
				955F23B325F243BB00514401 /* Frameworks */,
				955F23B425F243BB00514401 /* Resources */,
			);
			buildRules = (
			);
			dependencies = (
			);
			name = LocalStorage;
			productName = LocalStorage;
			productReference = 955F23B625F243BB00514401 /* LocalStorage.app */;
			productType = "com.apple.product-type.application";
		};
/* End PBXNativeTarget section */

/* Begin PBXProject section */
		955F23AE25F243BB00514401 /* Project object */ = {
			isa = PBXProject;
			attributes = {
				LastSwiftUpdateCheck = 1240;
				LastUpgradeCheck = 1240;
				TargetAttributes = {
					955F23B525F243BB00514401 = {
						CreatedOnToolsVersion = 12.4;
					};
				};
			};
			buildConfigurationList = 955F23B125F243BB00514401 /* Build configuration list for PBXProject "LocalStorage" */;
			compatibilityVersion = "Xcode 9.3";
			developmentRegion = en;
			hasScannedForEncodings = 0;
			knownRegions = (
				en,
				Base,
			);
			mainGroup = 955F23AD25F243BB00514401;
			productRefGroup = 955F23B725F243BB00514401 /* Products */;
			projectDirPath = "";
			projectRoot = "";
			targets = (
				955F23B525F243BB00514401 /* LocalStorage */,
			);
		};
/* End PBXProject section */

/* Begin PBXResourcesBuildPhase section */
		955F23B425F243BB00514401 /* Resources */ = {
			isa = PBXResourcesBuildPhase;
			buildActionMask = 2147483647;
			files = (
				955F23C925F243BD00514401 /* LaunchScreen.storyboard in Resources */,
				955F23C625F243BD00514401 /* Preview Assets.xcassets in Resources */,
				955F23C325F243BD00514401 /* Assets.xcassets in Resources */,
			);
			runOnlyForDeploymentPostprocessing = 0;
		};
/* End PBXResourcesBuildPhase section */

/* Begin PBXSourcesBuildPhase section */
		955F23B225F243BB00514401 /* Sources */ = {
			isa = PBXSourcesBuildPhase;
			buildActionMask = 2147483647;
			files = (
				955F23BA25F243BB00514401 /* AppDelegate.swift in Sources */,
				955F23D925F244D500514401 /* Student.swift in Sources */,
				955F23C125F243BB00514401 /* LocalStorage.xcdatamodeld in Sources */,
				955F23BC25F243BB00514401 /* SceneDelegate.swift in Sources */,
				955F23D525F2448800514401 /* StudentListCell.swift in Sources */,
				955F23DC25F245A800514401 /* StudentListScreen.swift in Sources */,
				955F23DF25F245B900514401 /* AddStudentDataScreen.swift in Sources */,
			);
			runOnlyForDeploymentPostprocessing = 0;
		};
/* End PBXSourcesBuildPhase section */

/* Begin PBXVariantGroup section */
		955F23C725F243BD00514401 /* LaunchScreen.storyboard */ = {
			isa = PBXVariantGroup;
			children = (
				955F23C825F243BD00514401 /* Base */,
			);
			name = LaunchScreen.storyboard;
			sourceTree = "<group>";
		};
/* End PBXVariantGroup section */

/* Begin XCBuildConfiguration section */
		955F23CB25F243BD00514401 /* Debug */ = {
			isa = XCBuildConfiguration;
			buildSettings = {
				ALWAYS_SEARCH_USER_PATHS = NO;
				CLANG_ANALYZER_NONNULL = YES;
				CLANG_ANALYZER_NUMBER_OBJECT_CONVERSION = YES_AGGRESSIVE;
				CLANG_CXX_LANGUAGE_STANDARD = "gnu++14";
				CLANG_CXX_LIBRARY = "libc++";
				CLANG_ENABLE_MODULES = YES;
				CLANG_ENABLE_OBJC_ARC = YES;
				CLANG_ENABLE_OBJC_WEAK = YES;
				CLANG_WARN_BLOCK_CAPTURE_AUTORELEASING = YES;
				CLANG_WARN_BOOL_CONVERSION = YES;
				CLANG_WARN_COMMA = YES;
				CLANG_WARN_CONSTANT_CONVERSION = YES;
				CLANG_WARN_DEPRECATED_OBJC_IMPLEMENTATIONS = YES;
				CLANG_WARN_DIRECT_OBJC_ISA_USAGE = YES_ERROR;
				CLANG_WARN_DOCUMENTATION_COMMENTS = YES;
				CLANG_WARN_EMPTY_BODY = YES;
				CLANG_WARN_ENUM_CONVERSION = YES;
				CLANG_WARN_INFINITE_RECURSION = YES;
				CLANG_WARN_INT_CONVERSION = YES;
				CLANG_WARN_NON_LITERAL_NULL_CONVERSION = YES;
				CLANG_WARN_OBJC_IMPLICIT_RETAIN_SELF = YES;
				CLANG_WARN_OBJC_LITERAL_CONVERSION = YES;
				CLANG_WARN_OBJC_ROOT_CLASS = YES_ERROR;
				CLANG_WARN_QUOTED_INCLUDE_IN_FRAMEWORK_HEADER = YES;
				CLANG_WARN_RANGE_LOOP_ANALYSIS = YES;
				CLANG_WARN_STRICT_PROTOTYPES = YES;
				CLANG_WARN_SUSPICIOUS_MOVE = YES;
				CLANG_WARN_UNGUARDED_AVAILABILITY = YES_AGGRESSIVE;
				CLANG_WARN_UNREACHABLE_CODE = YES;
				CLANG_WARN__DUPLICATE_METHOD_MATCH = YES;
				COPY_PHASE_STRIP = NO;
				DEBUG_INFORMATION_FORMAT = dwarf;
				ENABLE_STRICT_OBJC_MSGSEND = YES;
				ENABLE_TESTABILITY = YES;
				GCC_C_LANGUAGE_STANDARD = gnu11;
				GCC_DYNAMIC_NO_PIC = NO;
				GCC_NO_COMMON_BLOCKS = YES;
				GCC_OPTIMIZATION_LEVEL = 0;
				GCC_PREPROCESSOR_DEFINITIONS = (
					"DEBUG=1",
					"$(inherited)",
				);
				GCC_WARN_64_TO_32_BIT_CONVERSION = YES;
				GCC_WARN_ABOUT_RETURN_TYPE = YES_ERROR;
				GCC_WARN_UNDECLARED_SELECTOR = YES;
				GCC_WARN_UNINITIALIZED_AUTOS = YES_AGGRESSIVE;
				GCC_WARN_UNUSED_FUNCTION = YES;
				GCC_WARN_UNUSED_VARIABLE = YES;
				IPHONEOS_DEPLOYMENT_TARGET = 14.4;
				MTL_ENABLE_DEBUG_INFO = INCLUDE_SOURCE;
				MTL_FAST_MATH = YES;
				ONLY_ACTIVE_ARCH = YES;
				SDKROOT = iphoneos;
				SWIFT_ACTIVE_COMPILATION_CONDITIONS = DEBUG;
				SWIFT_OPTIMIZATION_LEVEL = "-Onone";
			};
			name = Debug;
		};
		955F23CC25F243BD00514401 /* Release */ = {
			isa = XCBuildConfiguration;
			buildSettings = {
				ALWAYS_SEARCH_USER_PATHS = NO;
				CLANG_ANALYZER_NONNULL = YES;
				CLANG_ANALYZER_NUMBER_OBJECT_CONVERSION = YES_AGGRESSIVE;
				CLANG_CXX_LANGUAGE_STANDARD = "gnu++14";
				CLANG_CXX_LIBRARY = "libc++";
				CLANG_ENABLE_MODULES = YES;
				CLANG_ENABLE_OBJC_ARC = YES;
				CLANG_ENABLE_OBJC_WEAK = YES;
				CLANG_WARN_BLOCK_CAPTURE_AUTORELEASING = YES;
				CLANG_WARN_BOOL_CONVERSION = YES;
				CLANG_WARN_COMMA = YES;
				CLANG_WARN_CONSTANT_CONVERSION = YES;
				CLANG_WARN_DEPRECATED_OBJC_IMPLEMENTATIONS = YES;
				CLANG_WARN_DIRECT_OBJC_ISA_USAGE = YES_ERROR;
				CLANG_WARN_DOCUMENTATION_COMMENTS = YES;
				CLANG_WARN_EMPTY_BODY = YES;
				CLANG_WARN_ENUM_CONVERSION = YES;
				CLANG_WARN_INFINITE_RECURSION = YES;
				CLANG_WARN_INT_CONVERSION = YES;
				CLANG_WARN_NON_LITERAL_NULL_CONVERSION = YES;
				CLANG_WARN_OBJC_IMPLICIT_RETAIN_SELF = YES;
				CLANG_WARN_OBJC_LITERAL_CONVERSION = YES;
				CLANG_WARN_OBJC_ROOT_CLASS = YES_ERROR;
				CLANG_WARN_QUOTED_INCLUDE_IN_FRAMEWORK_HEADER = YES;
				CLANG_WARN_RANGE_LOOP_ANALYSIS = YES;
				CLANG_WARN_STRICT_PROTOTYPES = YES;
				CLANG_WARN_SUSPICIOUS_MOVE = YES;
				CLANG_WARN_UNGUARDED_AVAILABILITY = YES_AGGRESSIVE;
				CLANG_WARN_UNREACHABLE_CODE = YES;
				CLANG_WARN__DUPLICATE_METHOD_MATCH = YES;
				COPY_PHASE_STRIP = NO;
				DEBUG_INFORMATION_FORMAT = "dwarf-with-dsym";
				ENABLE_NS_ASSERTIONS = NO;
				ENABLE_STRICT_OBJC_MSGSEND = YES;
				GCC_C_LANGUAGE_STANDARD = gnu11;
				GCC_NO_COMMON_BLOCKS = YES;
				GCC_WARN_64_TO_32_BIT_CONVERSION = YES;
				GCC_WARN_ABOUT_RETURN_TYPE = YES_ERROR;
				GCC_WARN_UNDECLARED_SELECTOR = YES;
				GCC_WARN_UNINITIALIZED_AUTOS = YES_AGGRESSIVE;
				GCC_WARN_UNUSED_FUNCTION = YES;
				GCC_WARN_UNUSED_VARIABLE = YES;
				IPHONEOS_DEPLOYMENT_TARGET = 14.4;
				MTL_ENABLE_DEBUG_INFO = NO;
				MTL_FAST_MATH = YES;
				SDKROOT = iphoneos;
				SWIFT_COMPILATION_MODE = wholemodule;
				SWIFT_OPTIMIZATION_LEVEL = "-O";
				VALIDATE_PRODUCT = YES;
			};
			name = Release;
		};
		955F23CE25F243BD00514401 /* Debug */ = {
			isa = XCBuildConfiguration;
			buildSettings = {
				ASSETCATALOG_COMPILER_APPICON_NAME = AppIcon;
				ASSETCATALOG_COMPILER_GLOBAL_ACCENT_COLOR_NAME = AccentColor;
				CODE_SIGN_STYLE = Automatic;
				DEVELOPMENT_ASSET_PATHS = "\"LocalStorage/Preview Content\"";
				DEVELOPMENT_TEAM = V5733424RR;
				ENABLE_PREVIEWS = YES;
				INFOPLIST_FILE = LocalStorage/Info.plist;
				LD_RUNPATH_SEARCH_PATHS = (
					"$(inherited)",
					"@executable_path/Frameworks",
				);
				PRODUCT_BUNDLE_IDENTIFIER = com.negmatov.LocalStorage;
				PRODUCT_NAME = "$(TARGET_NAME)";
				SWIFT_VERSION = 5.0;
				TARGETED_DEVICE_FAMILY = "1,2";
			};
			name = Debug;
		};
		955F23CF25F243BD00514401 /* Release */ = {
			isa = XCBuildConfiguration;
			buildSettings = {
				ASSETCATALOG_COMPILER_APPICON_NAME = AppIcon;
				ASSETCATALOG_COMPILER_GLOBAL_ACCENT_COLOR_NAME = AccentColor;
				CODE_SIGN_STYLE = Automatic;
				DEVELOPMENT_ASSET_PATHS = "\"LocalStorage/Preview Content\"";
				DEVELOPMENT_TEAM = V5733424RR;
				ENABLE_PREVIEWS = YES;
				INFOPLIST_FILE = LocalStorage/Info.plist;
				LD_RUNPATH_SEARCH_PATHS = (
					"$(inherited)",
					"@executable_path/Frameworks",
				);
				PRODUCT_BUNDLE_IDENTIFIER = com.negmatov.LocalStorage;
				PRODUCT_NAME = "$(TARGET_NAME)";
				SWIFT_VERSION = 5.0;
				TARGETED_DEVICE_FAMILY = "1,2";
			};
			name = Release;
		};
/* End XCBuildConfiguration section */

/* Begin XCConfigurationList section */
		955F23B125F243BB00514401 /* Build configuration list for PBXProject "LocalStorage" */ = {
			isa = XCConfigurationList;
			buildConfigurations = (
				955F23CB25F243BD00514401 /* Debug */,
				955F23CC25F243BD00514401 /* Release */,
			);
			defaultConfigurationIsVisible = 0;
			defaultConfigurationName = Release;
		};
		955F23CD25F243BD00514401 /* Build configuration list for PBXNativeTarget "LocalStorage" */ = {
			isa = XCConfigurationList;
			buildConfigurations = (
				955F23CE25F243BD00514401 /* Debug */,
				955F23CF25F243BD00514401 /* Release */,
			);
			defaultConfigurationIsVisible = 0;
			defaultConfigurationName = Release;
		};
/* End XCConfigurationList section */

/* Begin XCVersionGroup section */
		955F23BF25F243BB00514401 /* LocalStorage.xcdatamodeld */ = {
			isa = XCVersionGroup;
			children = (
				955F23C025F243BB00514401 /* LocalStorage.xcdatamodel */,
			);
			currentVersion = 955F23C025F243BB00514401 /* LocalStorage.xcdatamodel */;
			path = LocalStorage.xcdatamodeld;
			sourceTree = "<group>";
			versionGroupType = wrapper.xcdatamodel;
		};
/* End XCVersionGroup section */
	};
	rootObject = 955F23AE25F243BB00514401 /* Project object */;
}
